
Microsoft Visual Studio Solution File, Format Version 12.00
# Visual Studio Version 16
VisualStudioVersion = 16.0.34601.136
MinimumVisualStudioVersion = 10.0.40219.1
Project("{8BC9CEB8-8B4A-11D0-8D11-00A0C91BC942}") = "quues6matriz", "quues6matriz.vcxproj", "{F3D43F55-097D-4BA8-B252-001754415FE7}"
EndProject
Global
	GlobalSection(SolutionConfigurationPlatforms) = preSolution
		Debug|x64 = Debug|x64
		Debug|x86 = Debug|x86
		Release|x64 = Release|x64
		Release|x86 = Release|x86
	EndGlobalSection
	GlobalSection(ProjectConfigurationPlatforms) = postSolution
		{F3D43F55-097D-4BA8-B252-001754415FE7}.Debug|x64.ActiveCfg = Debug|x64
		{F3D43F55-097D-4BA8-B252-001754415FE7}.Debug|x64.Build.0 = Debug|x64
		{F3D43F55-097D-4BA8-B252-001754415FE7}.Debug|x86.ActiveCfg = Debug|Win32
		{F3D43F55-097D-4BA8-B252-001754415FE7}.Debug|x86.Build.0 = Debug|Win32
		{F3D43F55-097D-4BA8-B252-001754415FE7}.Release|x64.ActiveCfg = Release|x64
		{F3D43F55-097D-4BA8-B252-001754415FE7}.Release|x64.Build.0 = Release|x64
		{F3D43F55-097D-4BA8-B252-001754415FE7}.Release|x86.ActiveCfg = Release|Win32
		{F3D43F55-097D-4BA8-B252-001754415FE7}.Release|x86.Build.0 = Release|Win32
	EndGlobalSection
	GlobalSection(SolutionProperties) = preSolution
		HideSolutionNode = FALSE
	EndGlobalSection
	GlobalSection(ExtensibilityGlobals) = postSolution
		SolutionGuid = {9336877C-D0E7-442A-891C-E9EC8E1C7524}
	EndGlobalSection
EndGlobal
